
Microsoft Visual Studio Solution File, Format Version 12.00
# Visual Studio 15
VisualStudioVersion = 15.0.28010.2019
MinimumVisualStudioVersion = 10.0.40219.1
Project("{FAE04EC0-301F-11D3-BF4B-00C04F79EFBC}") = "Prov2", "Prov2\Prov2.csproj", "{86DFE856-42E6-4414-A45B-568A1740D0B3}"
EndProject
Global
	GlobalSection(SolutionConfigurationPlatforms) = preSolution
		Debug|Any CPU = Debug|Any CPU
		Release|Any CPU = Release|Any CPU
	EndGlobalSection
	GlobalSection(ProjectConfigurationPlatforms) = postSolution
		{86DFE856-42E6-4414-A45B-568A1740D0B3}.Debug|Any CPU.ActiveCfg = Debug|Any CPU
		{86DFE856-42E6-4414-A45B-568A1740D0B3}.Debug|Any CPU.Build.0 = Debug|Any CPU
		{86DFE856-42E6-4414-A45B-568A1740D0B3}.Release|Any CPU.ActiveCfg = Release|Any CPU
		{86DFE856-42E6-4414-A45B-568A1740D0B3}.Release|Any CPU.Build.0 = Release|Any CPU
	EndGlobalSection
	GlobalSection(SolutionProperties) = preSolution
		HideSolutionNode = FALSE
	EndGlobalSection
	GlobalSection(ExtensibilityGlobals) = postSolution
		SolutionGuid = {835D2C78-8B89-47AD-9814-AB88F17433FA}
	EndGlobalSection
EndGlobal
